
Microsoft Visual Studio Solution File, Format Version 12.00
# Visual Studio Version 17
VisualStudioVersion = 17.7.34031.279
MinimumVisualStudioVersion = 10.0.40219.1
Project("{FAE04EC0-301F-11D3-BF4B-00C04F79EFBC}") = "PhoneBook", "PhoneBook.csproj", "{91E1242A-5B3A-42D7-B3D3-8157F95A2B83}"
EndProject
Global
	GlobalSection(SolutionConfigurationPlatforms) = preSolution
		Debug|Any CPU = Debug|Any CPU
		Release|Any CPU = Release|Any CPU
	EndGlobalSection
	GlobalSection(ProjectConfigurationPlatforms) = postSolution
		{91E1242A-5B3A-42D7-B3D3-8157F95A2B83}.Debug|Any CPU.ActiveCfg = Debug|Any CPU
		{91E1242A-5B3A-42D7-B3D3-8157F95A2B83}.Debug|Any CPU.Build.0 = Debug|Any CPU
		{91E1242A-5B3A-42D7-B3D3-8157F95A2B83}.Release|Any CPU.ActiveCfg = Release|Any CPU
		{91E1242A-5B3A-42D7-B3D3-8157F95A2B83}.Release|Any CPU.Build.0 = Release|Any CPU
	EndGlobalSection
	GlobalSection(SolutionProperties) = preSolution
		HideSolutionNode = FALSE
	EndGlobalSection
	GlobalSection(ExtensibilityGlobals) = postSolution
		SolutionGuid = {94777D38-7434-45F4-961D-384876ACE9C8}
	EndGlobalSection
EndGlobal
